
Microsoft Visual Studio Solution File, Format Version 12.00
# Visual Studio 15
VisualStudioVersion = 15.0.27703.2042
MinimumVisualStudioVersion = 10.0.40219.1
Project("{FAE04EC0-301F-11D3-BF4B-00C04F79EFBC}") = "Problem6-ReversedList", "Lecture1 Exercises\Problem6-ReversedList.csproj", "{BB6F4072-CD8F-43D0-B096-425C22D49A60}"
EndProject
Project("{FAE04EC0-301F-11D3-BF4B-00C04F79EFBC}") = "Problem7 -Labyrinth", "Problem7 -Labyrinth\Problem7 -Labyrinth.csproj", "{29F5C95B-71EE-45E0-B2C9-3ADC1684812C}"
EndProject
Global
	GlobalSection(SolutionConfigurationPlatforms) = preSolution
		Debug|Any CPU = Debug|Any CPU
		Release|Any CPU = Release|Any CPU
	EndGlobalSection
	GlobalSection(ProjectConfigurationPlatforms) = postSolution
		{BB6F4072-CD8F-43D0-B096-425C22D49A60}.Debug|Any CPU.ActiveCfg = Debug|Any CPU
		{BB6F4072-CD8F-43D0-B096-425C22D49A60}.Debug|Any CPU.Build.0 = Debug|Any CPU
		{BB6F4072-CD8F-43D0-B096-425C22D49A60}.Release|Any CPU.ActiveCfg = Release|Any CPU
		{BB6F4072-CD8F-43D0-B096-425C22D49A60}.Release|Any CPU.Build.0 = Release|Any CPU
		{29F5C95B-71EE-45E0-B2C9-3ADC1684812C}.Debug|Any CPU.ActiveCfg = Debug|Any CPU
		{29F5C95B-71EE-45E0-B2C9-3ADC1684812C}.Debug|Any CPU.Build.0 = Debug|Any CPU
		{29F5C95B-71EE-45E0-B2C9-3ADC1684812C}.Release|Any CPU.ActiveCfg = Release|Any CPU
		{29F5C95B-71EE-45E0-B2C9-3ADC1684812C}.Release|Any CPU.Build.0 = Release|Any CPU
	EndGlobalSection
	GlobalSection(SolutionProperties) = preSolution
		HideSolutionNode = FALSE
	EndGlobalSection
	GlobalSection(ExtensibilityGlobals) = postSolution
		SolutionGuid = {355AA764-FB4D-445E-9FE7-E5AA96061805}
	EndGlobalSection
EndGlobal
